github.com/gorilla/mux v1.8.0 h1:i40aqfkR1h2SlN9hojwV5ZA91wcXFOvkdNIeFDP5koI=
github.com/gorilla/mux v1.8.0/go.mod h1:DVbg23sWSpFRCP0SfiEN6jmj59UnW/n46BH5rLB71So=
github.com/tenebris-tech/glog v0.1.2 h1:Ej689q1YtwCMLc1Hlo6GY9S4TfZmscC/hzFp+baGMGU=
github.com/tenebris-tech/glog v0.1.2/go.mod h1:r8aME4RPC6CbSa9AEx/e/fxQRCYPZx5GDmFX5nVjesk=
